
Microsoft Visual Studio Solution File, Format Version 12.00
# Visual Studio 15
VisualStudioVersion = 15.0.27428.2015
MinimumVisualStudioVersion = 10.0.40219.1
Project("{FAE04EC0-301F-11D3-BF4B-00C04F79EFBC}") = "VideotoImgConverter", "VideotoImgConverter\VideotoImgConverter.csproj", "{72ACA1E7-33FF-426A-8BD9-42A570A45C0E}"
EndProject
Global
	GlobalSection(SolutionConfigurationPlatforms) = preSolution
		Debug|Any CPU = Debug|Any CPU
		Release|Any CPU = Release|Any CPU
	EndGlobalSection
	GlobalSection(ProjectConfigurationPlatforms) = postSolution
		{72ACA1E7-33FF-426A-8BD9-42A570A45C0E}.Debug|Any CPU.ActiveCfg = Debug|Any CPU
		{72ACA1E7-33FF-426A-8BD9-42A570A45C0E}.Debug|Any CPU.Build.0 = Debug|Any CPU
		{72ACA1E7-33FF-426A-8BD9-42A570A45C0E}.Release|Any CPU.ActiveCfg = Release|Any CPU
		{72ACA1E7-33FF-426A-8BD9-42A570A45C0E}.Release|Any CPU.Build.0 = Release|Any CPU
	EndGlobalSection
	GlobalSection(SolutionProperties) = preSolution
		HideSolutionNode = FALSE
	EndGlobalSection
	GlobalSection(ExtensibilityGlobals) = postSolution
		SolutionGuid = {DD2F72EE-1ABC-45DA-8D5F-889CE28080E0}
	EndGlobalSection
EndGlobal
